
Microsoft Visual Studio Solution File, Format Version 10.00
# Visual Studio 2008
Project("{FAE04EC0-301F-11D3-BF4B-00C04F79EFBC}") = "CheckPoint", "CheckPoint\CheckPoint.csproj", "{B9AB709F-1595-45A2-A137-10DFB0E8217D}"
EndProject
Project("{FAE04EC0-301F-11D3-BF4B-00C04F79EFBC}") = "CheckPoint.Tests", "CheckPoint.Tests\CheckPoint.Tests.csproj", "{4FBB2EEC-B381-4236-A87C-9F2CFA955757}"
EndProject
Global
	GlobalSection(SolutionConfigurationPlatforms) = preSolution
		Debug|Any CPU = Debug|Any CPU
		Release|Any CPU = Release|Any CPU
	EndGlobalSection
	GlobalSection(ProjectConfigurationPlatforms) = postSolution
		{B9AB709F-1595-45A2-A137-10DFB0E8217D}.Debug|Any CPU.ActiveCfg = Debug|Any CPU
		{B9AB709F-1595-45A2-A137-10DFB0E8217D}.Debug|Any CPU.Build.0 = Debug|Any CPU
		{B9AB709F-1595-45A2-A137-10DFB0E8217D}.Release|Any CPU.ActiveCfg = Release|Any CPU
		{B9AB709F-1595-45A2-A137-10DFB0E8217D}.Release|Any CPU.Build.0 = Release|Any CPU
		{4FBB2EEC-B381-4236-A87C-9F2CFA955757}.Debug|Any CPU.ActiveCfg = Debug|Any CPU
		{4FBB2EEC-B381-4236-A87C-9F2CFA955757}.Debug|Any CPU.Build.0 = Debug|Any CPU
		{4FBB2EEC-B381-4236-A87C-9F2CFA955757}.Release|Any CPU.ActiveCfg = Release|Any CPU
		{4FBB2EEC-B381-4236-A87C-9F2CFA955757}.Release|Any CPU.Build.0 = Release|Any CPU
	EndGlobalSection
	GlobalSection(SolutionProperties) = preSolution
		HideSolutionNode = FALSE
	EndGlobalSection
EndGlobal
