
Microsoft Visual Studio Solution File, Format Version 11.00
# Visual Studio 2010
Project("{FAE04EC0-301F-11D3-BF4B-00C04F79EFBC}") = "BlurredLens", "BlurredLens\BlurredLens.csproj", "{386A5853-A420-4C3A-83E9-CCD987E12FE0}"
EndProject
Project("{2150E333-8FDC-42A3-9474-1A3956D46DE8}") = "Solution Items", "Solution Items", "{06243A76-BB59-4381-9C38-694E76725F41}"
	ProjectSection(SolutionItems) = preProject
		BlurredLens.vsmdi = BlurredLens.vsmdi
		Local.testsettings = Local.testsettings
		TraceAndTestImpact.testsettings = TraceAndTestImpact.testsettings
	EndProjectSection
EndProject
Global
	GlobalSection(TestCaseManagementSettings) = postSolution
		CategoryFile = BlurredLens.vsmdi
	EndGlobalSection
	GlobalSection(SolutionConfigurationPlatforms) = preSolution
		Debug|Any CPU = Debug|Any CPU
		Release|Any CPU = Release|Any CPU
	EndGlobalSection
	GlobalSection(ProjectConfigurationPlatforms) = postSolution
		{386A5853-A420-4C3A-83E9-CCD987E12FE0}.Debug|Any CPU.ActiveCfg = Debug|Any CPU
		{386A5853-A420-4C3A-83E9-CCD987E12FE0}.Debug|Any CPU.Build.0 = Debug|Any CPU
		{386A5853-A420-4C3A-83E9-CCD987E12FE0}.Release|Any CPU.ActiveCfg = Release|Any CPU
		{386A5853-A420-4C3A-83E9-CCD987E12FE0}.Release|Any CPU.Build.0 = Release|Any CPU
	EndGlobalSection
	GlobalSection(SolutionProperties) = preSolution
		HideSolutionNode = FALSE
	EndGlobalSection
EndGlobal
